
Microsoft Visual Studio Solution File, Format Version 12.00
# Visual Studio Version 17
VisualStudioVersion = 17.2.32505.173
MinimumVisualStudioVersion = 10.0.40219.1
Project("{8BC9CEB8-8B4A-11D0-8D11-00A0C91BC942}") = "Inheritance", "Inheritance\Inheritance.vcxproj", "{3DDE179F-9651-4112-85E2-BEF2A9AFF90E}"
EndProject
Project("{8BC9CEB8-8B4A-11D0-8D11-00A0C91BC942}") = "Academy", "Academy\Academy.vcxproj", "{1F315009-49D3-45B1-95E6-5C0E71F146A6}"
EndProject
Project("{8BC9CEB8-8B4A-11D0-8D11-00A0C91BC942}") = "DynamicCast", "DynamicCast\DynamicCast.vcxproj", "{B6D6DF70-34E8-469F-9B3D-BBAFC5E4F33A}"
EndProject
Project("{8BC9CEB8-8B4A-11D0-8D11-00A0C91BC942}") = "Files", "Files\Files.vcxproj", "{B9267311-226C-48A9-9E6B-B134C130C697}"
EndProject
Project("{8BC9CEB8-8B4A-11D0-8D11-00A0C91BC942}") = "Repetition", "Repetition\Repetition.vcxproj", "{C042C81A-2450-4788-BAB6-6484A63BE592}"
EndProject
Project("{8BC9CEB8-8B4A-11D0-8D11-00A0C91BC942}") = "AbstractBaseClass", "AbstractBaseClass\AbstractBaseClass.vcxproj", "{719AF221-269C-435F-BD60-EF5455038AF1}"
EndProject
Project("{8BC9CEB8-8B4A-11D0-8D11-00A0C91BC942}") = "AbstractGeometry", "AbstractGeometry\AbstractGeometry.vcxproj", "{6ECB8147-59FF-44AA-9BB5-6CFE4829218A}"
EndProject
Project("{8BC9CEB8-8B4A-11D0-8D11-00A0C91BC942}") = "Threads", "Threads\Threads.vcxproj", "{82D0D67B-7575-4CF8-9528-4CAD877F9941}"
EndProject
Global
	GlobalSection(SolutionConfigurationPlatforms) = preSolution
		Debug|x64 = Debug|x64
		Debug|x86 = Debug|x86
		Release|x64 = Release|x64
		Release|x86 = Release|x86
	EndGlobalSection
	GlobalSection(ProjectConfigurationPlatforms) = postSolution
		{3DDE179F-9651-4112-85E2-BEF2A9AFF90E}.Debug|x64.ActiveCfg = Debug|x64
		{3DDE179F-9651-4112-85E2-BEF2A9AFF90E}.Debug|x64.Build.0 = Debug|x64
		{3DDE179F-9651-4112-85E2-BEF2A9AFF90E}.Debug|x86.ActiveCfg = Debug|Win32
		{3DDE179F-9651-4112-85E2-BEF2A9AFF90E}.Debug|x86.Build.0 = Debug|Win32
		{3DDE179F-9651-4112-85E2-BEF2A9AFF90E}.Release|x64.ActiveCfg = Release|x64
		{3DDE179F-9651-4112-85E2-BEF2A9AFF90E}.Release|x64.Build.0 = Release|x64
		{3DDE179F-9651-4112-85E2-BEF2A9AFF90E}.Release|x86.ActiveCfg = Release|Win32
		{3DDE179F-9651-4112-85E2-BEF2A9AFF90E}.Release|x86.Build.0 = Release|Win32
		{1F315009-49D3-45B1-95E6-5C0E71F146A6}.Debug|x64.ActiveCfg = Debug|x64
		{1F315009-49D3-45B1-95E6-5C0E71F146A6}.Debug|x64.Build.0 = Debug|x64
		{1F315009-49D3-45B1-95E6-5C0E71F146A6}.Debug|x86.ActiveCfg = Debug|Win32
		{1F315009-49D3-45B1-95E6-5C0E71F146A6}.Debug|x86.Build.0 = Debug|Win32
		{1F315009-49D3-45B1-95E6-5C0E71F146A6}.Release|x64.ActiveCfg = Release|x64
		{1F315009-49D3-45B1-95E6-5C0E71F146A6}.Release|x64.Build.0 = Release|x64
		{1F315009-49D3-45B1-95E6-5C0E71F146A6}.Release|x86.ActiveCfg = Release|Win32
		{1F315009-49D3-45B1-95E6-5C0E71F146A6}.Release|x86.Build.0 = Release|Win32
		{B6D6DF70-34E8-469F-9B3D-BBAFC5E4F33A}.Debug|x64.ActiveCfg = Debug|x64
		{B6D6DF70-34E8-469F-9B3D-BBAFC5E4F33A}.Debug|x64.Build.0 = Debug|x64
		{B6D6DF70-34E8-469F-9B3D-BBAFC5E4F33A}.Debug|x86.ActiveCfg = Debug|Win32
		{B6D6DF70-34E8-469F-9B3D-BBAFC5E4F33A}.Debug|x86.Build.0 = Debug|Win32
		{B6D6DF70-34E8-469F-9B3D-BBAFC5E4F33A}.Release|x64.ActiveCfg = Release|x64
		{B6D6DF70-34E8-469F-9B3D-BBAFC5E4F33A}.Release|x64.Build.0 = Release|x64
		{B6D6DF70-34E8-469F-9B3D-BBAFC5E4F33A}.Release|x86.ActiveCfg = Release|Win32
		{B6D6DF70-34E8-469F-9B3D-BBAFC5E4F33A}.Release|x86.Build.0 = Release|Win32
		{B9267311-226C-48A9-9E6B-B134C130C697}.Debug|x64.ActiveCfg = Debug|x64
		{B9267311-226C-48A9-9E6B-B134C130C697}.Debug|x64.Build.0 = Debug|x64
		{B9267311-226C-48A9-9E6B-B134C130C697}.Debug|x86.ActiveCfg = Debug|Win32
		{B9267311-226C-48A9-9E6B-B134C130C697}.Debug|x86.Build.0 = Debug|Win32
		{B9267311-226C-48A9-9E6B-B134C130C697}.Release|x64.ActiveCfg = Release|x64
		{B9267311-226C-48A9-9E6B-B134C130C697}.Release|x64.Build.0 = Release|x64
		{B9267311-226C-48A9-9E6B-B134C130C697}.Release|x86.ActiveCfg = Release|Win32
		{B9267311-226C-48A9-9E6B-B134C130C697}.Release|x86.Build.0 = Release|Win32
		{C042C81A-2450-4788-BAB6-6484A63BE592}.Debug|x64.ActiveCfg = Debug|x64
		{C042C81A-2450-4788-BAB6-6484A63BE592}.Debug|x64.Build.0 = Debug|x64
		{C042C81A-2450-4788-BAB6-6484A63BE592}.Debug|x86.ActiveCfg = Debug|Win32
		{C042C81A-2450-4788-BAB6-6484A63BE592}.Debug|x86.Build.0 = Debug|Win32
		{C042C81A-2450-4788-BAB6-6484A63BE592}.Release|x64.ActiveCfg = Release|x64
		{C042C81A-2450-4788-BAB6-6484A63BE592}.Release|x64.Build.0 = Release|x64
		{C042C81A-2450-4788-BAB6-6484A63BE592}.Release|x86.ActiveCfg = Release|Win32
		{C042C81A-2450-4788-BAB6-6484A63BE592}.Release|x86.Build.0 = Release|Win32
		{719AF221-269C-435F-BD60-EF5455038AF1}.Debug|x64.ActiveCfg = Debug|x64
		{719AF221-269C-435F-BD60-EF5455038AF1}.Debug|x64.Build.0 = Debug|x64
		{719AF221-269C-435F-BD60-EF5455038AF1}.Debug|x86.ActiveCfg = Debug|Win32
		{719AF221-269C-435F-BD60-EF5455038AF1}.Debug|x86.Build.0 = Debug|Win32
		{719AF221-269C-435F-BD60-EF5455038AF1}.Release|x64.ActiveCfg = Release|x64
		{719AF221-269C-435F-BD60-EF5455038AF1}.Release|x64.Build.0 = Release|x64
		{719AF221-269C-435F-BD60-EF5455038AF1}.Release|x86.ActiveCfg = Release|Win32
		{719AF221-269C-435F-BD60-EF5455038AF1}.Release|x86.Build.0 = Release|Win32
		{6ECB8147-59FF-44AA-9BB5-6CFE4829218A}.Debug|x64.ActiveCfg = Debug|x64
		{6ECB8147-59FF-44AA-9BB5-6CFE4829218A}.Debug|x64.Build.0 = Debug|x64
		{6ECB8147-59FF-44AA-9BB5-6CFE4829218A}.Debug|x86.ActiveCfg = Debug|Win32
		{6ECB8147-59FF-44AA-9BB5-6CFE4829218A}.Debug|x86.Build.0 = Debug|Win32
		{6ECB8147-59FF-44AA-9BB5-6CFE4829218A}.Release|x64.ActiveCfg = Release|x64
		{6ECB8147-59FF-44AA-9BB5-6CFE4829218A}.Release|x64.Build.0 = Release|x64
		{6ECB8147-59FF-44AA-9BB5-6CFE4829218A}.Release|x86.ActiveCfg = Release|Win32
		{6ECB8147-59FF-44AA-9BB5-6CFE4829218A}.Release|x86.Build.0 = Release|Win32
		{82D0D67B-7575-4CF8-9528-4CAD877F9941}.Debug|x64.ActiveCfg = Debug|x64
		{82D0D67B-7575-4CF8-9528-4CAD877F9941}.Debug|x64.Build.0 = Debug|x64
		{82D0D67B-7575-4CF8-9528-4CAD877F9941}.Debug|x86.ActiveCfg = Debug|Win32
		{82D0D67B-7575-4CF8-9528-4CAD877F9941}.Debug|x86.Build.0 = Debug|Win32
		{82D0D67B-7575-4CF8-9528-4CAD877F9941}.Release|x64.ActiveCfg = Release|x64
		{82D0D67B-7575-4CF8-9528-4CAD877F9941}.Release|x64.Build.0 = Release|x64
		{82D0D67B-7575-4CF8-9528-4CAD877F9941}.Release|x86.ActiveCfg = Release|Win32
		{82D0D67B-7575-4CF8-9528-4CAD877F9941}.Release|x86.Build.0 = Release|Win32
	EndGlobalSection
	GlobalSection(SolutionProperties) = preSolution
		HideSolutionNode = FALSE
	EndGlobalSection
	GlobalSection(ExtensibilityGlobals) = postSolution
		SolutionGuid = {74C2ED6F-4614-425D-B072-8025EBD5150C}
	EndGlobalSection
EndGlobal
